
Microsoft Visual Studio Solution File, Format Version 12.00
# Visual Studio Version 17
VisualStudioVersion = 17.4.33205.214
MinimumVisualStudioVersion = 10.0.40219.1
Project("{FAE04EC0-301F-11D3-BF4B-00C04F79EFBC}") = "Target Sistemas 2", "Target Sistemas 2.csproj", "{05B4D577-7B76-469E-98B0-4E36CD141A32}"
EndProject
Global
	GlobalSection(SolutionConfigurationPlatforms) = preSolution
		Debug|Any CPU = Debug|Any CPU
		Release|Any CPU = Release|Any CPU
	EndGlobalSection
	GlobalSection(ProjectConfigurationPlatforms) = postSolution
		{05B4D577-7B76-469E-98B0-4E36CD141A32}.Debug|Any CPU.ActiveCfg = Debug|Any CPU
		{05B4D577-7B76-469E-98B0-4E36CD141A32}.Debug|Any CPU.Build.0 = Debug|Any CPU
		{05B4D577-7B76-469E-98B0-4E36CD141A32}.Release|Any CPU.ActiveCfg = Release|Any CPU
		{05B4D577-7B76-469E-98B0-4E36CD141A32}.Release|Any CPU.Build.0 = Release|Any CPU
	EndGlobalSection
	GlobalSection(SolutionProperties) = preSolution
		HideSolutionNode = FALSE
	EndGlobalSection
	GlobalSection(ExtensibilityGlobals) = postSolution
		SolutionGuid = {4A17F622-114D-40A6-8349-082F25168215}
	EndGlobalSection
EndGlobal
